
Microsoft Visual Studio Solution File, Format Version 12.00
# Visual Studio 15
Project("{FAE04EC0-301F-11D3-BF4B-00C04F79EFBC}") = "spine-unity", "spine-unity.csproj", "{F8EB0A96-E1E1-E1AD-0941-58F2DBA3A347}"
EndProject
Project("{FAE04EC0-301F-11D3-BF4B-00C04F79EFBC}") = "Unity.Postprocessing.Runtime", "Unity.Postprocessing.Runtime.csproj", "{D405D808-4C99-EF33-161C-84A9FC7C6E80}"
EndProject
Project("{FAE04EC0-301F-11D3-BF4B-00C04F79EFBC}") = "Assembly-CSharp", "Assembly-CSharp.csproj", "{05CED894-3767-D838-0127-99610278CA9E}"
EndProject
Project("{FAE04EC0-301F-11D3-BF4B-00C04F79EFBC}") = "spine-unity-editor", "spine-unity-editor.csproj", "{D8020C0E-6566-2628-A80B-8AA69FCD104B}"
EndProject
Project("{FAE04EC0-301F-11D3-BF4B-00C04F79EFBC}") = "Unity.Postprocessing.Editor", "Unity.Postprocessing.Editor.csproj", "{DF40808C-65B0-B650-C411-3B4BCFB06788}"
EndProject
Project("{FAE04EC0-301F-11D3-BF4B-00C04F79EFBC}") = "Assembly-CSharp-Editor", "Assembly-CSharp-Editor.csproj", "{8721B57D-1FE9-EE8C-9EF6-DB879981DEA8}"
EndProject
Global
	GlobalSection(SolutionConfigurationPlatforms) = preSolution
		Debug|Any CPU = Debug|Any CPU
		Release|Any CPU = Release|Any CPU
	EndGlobalSection
	GlobalSection(ProjectConfigurationPlatforms) = postSolution
		{F8EB0A96-E1E1-E1AD-0941-58F2DBA3A347}.Debug|Any CPU.ActiveCfg = Debug|Any CPU
		{F8EB0A96-E1E1-E1AD-0941-58F2DBA3A347}.Debug|Any CPU.Build.0 = Debug|Any CPU
		{F8EB0A96-E1E1-E1AD-0941-58F2DBA3A347}.Release|Any CPU.ActiveCfg = Release|Any CPU
		{F8EB0A96-E1E1-E1AD-0941-58F2DBA3A347}.Release|Any CPU.Build.0 = Release|Any CPU
		{D405D808-4C99-EF33-161C-84A9FC7C6E80}.Debug|Any CPU.ActiveCfg = Debug|Any CPU
		{D405D808-4C99-EF33-161C-84A9FC7C6E80}.Debug|Any CPU.Build.0 = Debug|Any CPU
		{D405D808-4C99-EF33-161C-84A9FC7C6E80}.Release|Any CPU.ActiveCfg = Release|Any CPU
		{D405D808-4C99-EF33-161C-84A9FC7C6E80}.Release|Any CPU.Build.0 = Release|Any CPU
		{05CED894-3767-D838-0127-99610278CA9E}.Debug|Any CPU.ActiveCfg = Debug|Any CPU
		{05CED894-3767-D838-0127-99610278CA9E}.Debug|Any CPU.Build.0 = Debug|Any CPU
		{05CED894-3767-D838-0127-99610278CA9E}.Release|Any CPU.ActiveCfg = Release|Any CPU
		{05CED894-3767-D838-0127-99610278CA9E}.Release|Any CPU.Build.0 = Release|Any CPU
		{D8020C0E-6566-2628-A80B-8AA69FCD104B}.Debug|Any CPU.ActiveCfg = Debug|Any CPU
		{D8020C0E-6566-2628-A80B-8AA69FCD104B}.Debug|Any CPU.Build.0 = Debug|Any CPU
		{D8020C0E-6566-2628-A80B-8AA69FCD104B}.Release|Any CPU.ActiveCfg = Release|Any CPU
		{D8020C0E-6566-2628-A80B-8AA69FCD104B}.Release|Any CPU.Build.0 = Release|Any CPU
		{DF40808C-65B0-B650-C411-3B4BCFB06788}.Debug|Any CPU.ActiveCfg = Debug|Any CPU
		{DF40808C-65B0-B650-C411-3B4BCFB06788}.Debug|Any CPU.Build.0 = Debug|Any CPU
		{DF40808C-65B0-B650-C411-3B4BCFB06788}.Release|Any CPU.ActiveCfg = Release|Any CPU
		{DF40808C-65B0-B650-C411-3B4BCFB06788}.Release|Any CPU.Build.0 = Release|Any CPU
		{8721B57D-1FE9-EE8C-9EF6-DB879981DEA8}.Debug|Any CPU.ActiveCfg = Debug|Any CPU
		{8721B57D-1FE9-EE8C-9EF6-DB879981DEA8}.Debug|Any CPU.Build.0 = Debug|Any CPU
		{8721B57D-1FE9-EE8C-9EF6-DB879981DEA8}.Release|Any CPU.ActiveCfg = Release|Any CPU
		{8721B57D-1FE9-EE8C-9EF6-DB879981DEA8}.Release|Any CPU.Build.0 = Release|Any CPU
	EndGlobalSection
	GlobalSection(SolutionProperties) = preSolution
		HideSolutionNode = FALSE
	EndGlobalSection
EndGlobal
